PODS:
  - Alamofire (4.3.0)
  - C4 (2.1.1)
  - EZAudio (1.1.5):
    - EZAudio/Full (= 1.1.5)
  - EZAudio/Core (1.1.5)
  - EZAudio/Full (1.1.5):
    - EZAudio/Core
    - TPCircularBuffer (= 1.1)
  - FontAwesome.swift (1.0.0)
  - Realm (2.4.2):
    - Realm/Headers (= 2.4.2)
  - Realm/Headers (2.4.2)
  - RealmSwift (2.4.2):
    - Realm (= 2.4.2)
  - Spring (1.0.3)
  - SwiftyJSON (3.1.4)
  - TPCircularBuffer (1.1)
  - UICollectionViewLeftAlignedLayout (1.0.2)
  - UITags (0.1.4):
    - UICollectionViewLeftAlignedLayout

DEPENDENCIES:
  - Alamofire (~> 4.0)
  - C4
  - EZAudio (~> 1.1.4)
  - FontAwesome.swift
  - RealmSwift
  - Spring (from `https://github.com/MengTo/Spring.git`, branch `swift3`)
  - SwiftyJSON
  - UITags

EXTERNAL SOURCES:
  Spring:
    :branch: swift3
    :git: https://github.com/MengTo/Spring.git

CHECKOUT OPTIONS:
  Spring:
    :commit: 3a9227c6e9157e7b47f5ac1ee5abab2a56b50002
    :git: https://github.com/MengTo/Spring.git

SPEC CHECKSUMS:
  Alamofire: 856a113053a7bc9cbe5d6367a555d773fc5cfef7
  C4: 50c631f37096fd84498b462dce124552ad958d88
  EZAudio: 3b1cb4b6d7ebca68f0c2478576d75940aad4aa99
  FontAwesome.swift: 2d32a3d62195343c2004b7c9043294ed2948553a
  Realm: d27b758e12d62a3371879a065d4c40aa212c5a54
  RealmSwift: 9556c0fe0f0cfecacfb755ae9e68ff379fc6bead
  Spring: 3f02b5dc3308572ef177b3cad0fa7bbc4b0706f7
  SwiftyJSON: c2842d878f95482ffceec5709abc3d05680c0220
  TPCircularBuffer: 4960a919e667280f7f38963d771f45871b64fe62
  UICollectionViewLeftAlignedLayout: 830bf6fa5bab9f9b464f62e3384f9d2e00b3c0f6
  UITags: bf9c69508433c0f71bd07a3d99a63719f7b5934f

PODFILE CHECKSUM: bbf4a6ec1a8298ef687f8c7ed25e26e786c69167

COCOAPODS: 1.1.1
