// !$*UTF8*$!
{
	archiveVersion = 1;
	classes = {
	};
	objectVersion = 46;
	objects = {

/* Begin PBXBuildFile section */
		08A596E4B2E2B094481ADED2 /* Pods_VILTMaker.framework in Frameworks */ = {isa = PBXBuildFile; fileRef = F30DBEB678DF669735552E46 /* Pods_VILTMaker.framework */; };
		2A1919421CF2DDCF009B8B54 /* ConstColor.swift in Sources */ = {isa = PBXBuildFile; fileRef = 2A1919411CF2DDCF009B8B54 /* ConstColor.swift */; };
		2A1919441CF2DE1A009B8B54 /* UIColorExtension.swift in Sources */ = {isa = PBXBuildFile; fileRef = 2A1919431CF2DE1A009B8B54 /* UIColorExtension.swift */; };
		2A7A8DDD1CF2DA8F0034239C /* example_figure.png in Resources */ = {isa = PBXBuildFile; fileRef = 2A7A8DDC1CF2DA8F0034239C /* example_figure.png */; };
		2AB9D9C61CFD6F0100BC810E /* QRReaderViewController.swift in Sources */ = {isa = PBXBuildFile; fileRef = 2AB9D9C51CFD6F0100BC810E /* QRReaderViewController.swift */; };
		2AC76EF41CFA03B000F42F76 /* SpeakModel.swift in Sources */ = {isa = PBXBuildFile; fileRef = 2AC76EF31CFA03B000F42F76 /* SpeakModel.swift */; };
		2AD409041CF2D65F00214542 /* BorderButton.m in Sources */ = {isa = PBXBuildFile; fileRef = 2AD409031CF2D65F00214542 /* BorderButton.m */; };
		2AF3C7A71CF771650090F4F9 /* libdocomo-aitalk-ios-sdk-1.0.1.a in Frameworks */ = {isa = PBXBuildFile; fileRef = 2AF3C7A51CF771650090F4F9 /* libdocomo-aitalk-ios-sdk-1.0.1.a */; };
		2AF3C7A81CF771650090F4F9 /* libdocomo-common-ios-sdk-1.0.1.a in Frameworks */ = {isa = PBXBuildFile; fileRef = 2AF3C7A61CF771650090F4F9 /* libdocomo-common-ios-sdk-1.0.1.a */; };
		2AF3C7B61CF774BC0090F4F9 /* AiTalkAudioPlayer.m in Sources */ = {isa = PBXBuildFile; fileRef = 2AF3C7B51CF774BC0090F4F9 /* AiTalkAudioPlayer.m */; };
		2AF3C7BC1CF7A87F0090F4F9 /* KeyManager.swift in Sources */ = {isa = PBXBuildFile; fileRef = 2AF3C7BB1CF7A87F0090F4F9 /* KeyManager.swift */; };
		2AF3C7BE1CF7AB610090F4F9 /* Keys.plist in Resources */ = {isa = PBXBuildFile; fileRef = 2AF3C7BD1CF7AB610090F4F9 /* Keys.plist */; };
		2AF9DBCE1CEF05F8001AB683 /* AppDelegate.swift in Sources */ = {isa = PBXBuildFile; fileRef = 2AF9DBCD1CEF05F8001AB683 /* AppDelegate.swift */; };
		2AF9DBD01CEF05F8001AB683 /* ViewController.swift in Sources */ = {isa = PBXBuildFile; fileRef = 2AF9DBCF1CEF05F8001AB683 /* ViewController.swift */; };
		2AF9DBD31CEF05F8001AB683 /* Main.storyboard in Resources */ = {isa = PBXBuildFile; fileRef = 2AF9DBD11CEF05F8001AB683 /* Main.storyboard */; };
		2AF9DBD51CEF05F9001AB683 /* Assets.xcassets in Resources */ = {isa = PBXBuildFile; fileRef = 2AF9DBD41CEF05F9001AB683 /* Assets.xcassets */; };
		2AF9DBD81CEF05F9001AB683 /* LaunchScreen.storyboard in Resources */ = {isa = PBXBuildFile; fileRef = 2AF9DBD61CEF05F9001AB683 /* LaunchScreen.storyboard */; };
		2AF9DBE31CEF05F9001AB683 /* VILTMakerTests.swift in Sources */ = {isa = PBXBuildFile; fileRef = 2AF9DBE21CEF05F9001AB683 /* VILTMakerTests.swift */; };
		2AF9DBEE1CEF05F9001AB683 /* VILTMakerUITests.swift in Sources */ = {isa = PBXBuildFile; fileRef = 2AF9DBED1CEF05F9001AB683 /* VILTMakerUITests.swift */; };
/* End PBXBuildFile section */

/* Begin PBXContainerItemProxy section */
		2AF9DBDF1CEF05F9001AB683 /* PBXContainerItemProxy */ = {
			isa = PBXContainerItemProxy;
			containerPortal = 2AF9DBC21CEF05F8001AB683 /* Project object */;
			proxyType = 1;
			remoteGlobalIDString = 2AF9DBC91CEF05F8001AB683;
			remoteInfo = VILTMaker;
		};
		2AF9DBEA1CEF05F9001AB683 /* PBXContainerItemProxy */ = {
			isa = PBXContainerItemProxy;
			containerPortal = 2AF9DBC21CEF05F8001AB683 /* Project object */;
			proxyType = 1;
			remoteGlobalIDString = 2AF9DBC91CEF05F8001AB683;
			remoteInfo = VILTMaker;
		};
/* End PBXContainerItemProxy section */

/* Begin PBXFileReference section */
		077027A545C55C1D33D145DE /* Pods-VILTMaker.debug.xcconfig */ = {isa = PBXFileReference; includeInIndex = 1; lastKnownFileType = text.xcconfig; name = "Pods-VILTMaker.debug.xcconfig"; path = "Pods/Target Support Files/Pods-VILTMaker/Pods-VILTMaker.debug.xcconfig"; sourceTree = "<group>"; };
		1A18312F9EAC44A614FA8FE5 /* Pods-VILTMaker.release.xcconfig */ = {isa = PBXFileReference; includeInIndex = 1; lastKnownFileType = text.xcconfig; name = "Pods-VILTMaker.release.xcconfig"; path = "Pods/Target Support Files/Pods-VILTMaker/Pods-VILTMaker.release.xcconfig"; sourceTree = "<group>"; };
		2A1919411CF2DDCF009B8B54 /* ConstColor.swift */ = {isa = PBXFileReference; fileEncoding = 4; lastKnownFileType = sourcecode.swift; path = ConstColor.swift; sourceTree = "<group>"; };
		2A1919431CF2DE1A009B8B54 /* UIColorExtension.swift */ = {isa = PBXFileReference; fileEncoding = 4; lastKnownFileType = sourcecode.swift; path = UIColorExtension.swift; sourceTree = "<group>"; };
		2A7A8DDC1CF2DA8F0034239C /* example_figure.png */ = {isa = PBXFileReference; lastKnownFileType = image.png; path = example_figure.png; sourceTree = "<group>"; };
		2AB9D9C51CFD6F0100BC810E /* QRReaderViewController.swift */ = {isa = PBXFileReference; fileEncoding = 4; lastKnownFileType = sourcecode.swift; path = QRReaderViewController.swift; sourceTree = "<group>"; };
		2AC76EF31CFA03B000F42F76 /* SpeakModel.swift */ = {isa = PBXFileReference; fileEncoding = 4; lastKnownFileType = sourcecode.swift; path = SpeakModel.swift; sourceTree = "<group>"; };
		2AD409011CF2D65E00214542 /* VILTMaker-Bridging-Header.h */ = {isa = PBXFileReference; lastKnownFileType = sourcecode.c.h; path = "VILTMaker-Bridging-Header.h"; sourceTree = "<group>"; };
		2AD409021CF2D65F00214542 /* BorderButton.h */ = {isa = PBXFileReference; fileEncoding = 4; lastKnownFileType = sourcecode.c.h; path = BorderButton.h; sourceTree = "<group>"; };
		2AD409031CF2D65F00214542 /* BorderButton.m */ = {isa = PBXFileReference; fileEncoding = 4; lastKnownFileType = sourcecode.c.objc; path = BorderButton.m; sourceTree = "<group>"; };
		2AF3C7A51CF771650090F4F9 /* libdocomo-aitalk-ios-sdk-1.0.1.a */ = {isa = PBXFileReference; lastKnownFileType = archive.ar; name = "libdocomo-aitalk-ios-sdk-1.0.1.a"; path = "../libdocomo-aitalk-ios-sdk-1.0.1.a"; sourceTree = "<group>"; };
		2AF3C7A61CF771650090F4F9 /* libdocomo-common-ios-sdk-1.0.1.a */ = {isa = PBXFileReference; lastKnownFileType = archive.ar; name = "libdocomo-common-ios-sdk-1.0.1.a"; path = "../libdocomo-common-ios-sdk-1.0.1.a"; sourceTree = "<group>"; };
		2AF3C7AC1CF771960090F4F9 /* AiTalkError.h */ = {isa = PBXFileReference; fileEncoding = 4; lastKnownFileType = sourcecode.c.h; path = AiTalkError.h; sourceTree = "<group>"; };
		2AF3C7AD1CF771960090F4F9 /* AiTalkProsody.h */ = {isa = PBXFileReference; fileEncoding = 4; lastKnownFileType = sourcecode.c.h; path = AiTalkProsody.h; sourceTree = "<group>"; };
		2AF3C7AE1CF771960090F4F9 /* AiTalkSsml.h */ = {isa = PBXFileReference; fileEncoding = 4; lastKnownFileType = sourcecode.c.h; path = AiTalkSsml.h; sourceTree = "<group>"; };
		2AF3C7AF1CF771960090F4F9 /* AiTalkTextToSpeech.h */ = {isa = PBXFileReference; fileEncoding = 4; lastKnownFileType = sourcecode.c.h; path = AiTalkTextToSpeech.h; sourceTree = "<group>"; };
		2AF3C7B01CF771960090F4F9 /* AiTalkVoice.h */ = {isa = PBXFileReference; fileEncoding = 4; lastKnownFileType = sourcecode.c.h; path = AiTalkVoice.h; sourceTree = "<group>"; };
		2AF3C7B11CF771960090F4F9 /* AiTalkVoiceBase.h */ = {isa = PBXFileReference; fileEncoding = 4; lastKnownFileType = sourcecode.c.h; path = AiTalkVoiceBase.h; sourceTree = "<group>"; };
		2AF3C7B21CF771960090F4F9 /* AuthApiKey.h */ = {isa = PBXFileReference; fileEncoding = 4; lastKnownFileType = sourcecode.c.h; path = AuthApiKey.h; sourceTree = "<group>"; };
		2AF3C7B31CF771960090F4F9 /* SdkError.h */ = {isa = PBXFileReference; fileEncoding = 4; lastKnownFileType = sourcecode.c.h; path = SdkError.h; sourceTree = "<group>"; };
		2AF3C7B41CF774BC0090F4F9 /* AiTalkAudioPlayer.h */ = {isa = PBXFileReference; fileEncoding = 4; lastKnownFileType = sourcecode.c.h; name = AiTalkAudioPlayer.h; path = ../AiTalkAudioPlayer.h; sourceTree = "<group>"; };
		2AF3C7B51CF774BC0090F4F9 /* AiTalkAudioPlayer.m */ = {isa = PBXFileReference; fileEncoding = 4; lastKnownFileType = sourcecode.c.objc; name = AiTalkAudioPlayer.m; path = ../AiTalkAudioPlayer.m; sourceTree = "<group>"; };
		2AF3C7BB1CF7A87F0090F4F9 /* KeyManager.swift */ = {isa = PBXFileReference; fileEncoding = 4; lastKnownFileType = sourcecode.swift; path = KeyManager.swift; sourceTree = "<group>"; };
		2AF3C7BD1CF7AB610090F4F9 /* Keys.plist */ = {isa = PBXFileReference; fileEncoding = 4; lastKnownFileType = text.plist.xml; name = Keys.plist; path = Keys/Keys.plist; sourceTree = "<group>"; };
		2AF9DBCA1CEF05F8001AB683 /* VILTMaker.app */ = {isa = PBXFileReference; explicitFileType = wrapper.application; includeInIndex = 0; path = VILTMaker.app; sourceTree = BUILT_PRODUCTS_DIR; };
		2AF9DBCD1CEF05F8001AB683 /* AppDelegate.swift */ = {isa = PBXFileReference; lastKnownFileType = sourcecode.swift; path = AppDelegate.swift; sourceTree = "<group>"; };
		2AF9DBCF1CEF05F8001AB683 /* ViewController.swift */ = {isa = PBXFileReference; lastKnownFileType = sourcecode.swift; path = ViewController.swift; sourceTree = "<group>"; };
		2AF9DBD21CEF05F8001AB683 /* Base */ = {isa = PBXFileReference; lastKnownFileType = file.storyboard; name = Base; path = Base.lproj/Main.storyboard; sourceTree = "<group>"; };
		2AF9DBD41CEF05F9001AB683 /* Assets.xcassets */ = {isa = PBXFileReference; lastKnownFileType = folder.assetcatalog; path = Assets.xcassets; sourceTree = "<group>"; };
		2AF9DBD71CEF05F9001AB683 /* Base */ = {isa = PBXFileReference; lastKnownFileType = file.storyboard; name = Base; path = Base.lproj/LaunchScreen.storyboard; sourceTree = "<group>"; };
		2AF9DBD91CEF05F9001AB683 /* Info.plist */ = {isa = PBXFileReference; lastKnownFileType = text.plist.xml; path = Info.plist; sourceTree = "<group>"; };
		2AF9DBDE1CEF05F9001AB683 /* VILTMakerTests.xctest */ = {isa = PBXFileReference; explicitFileType = wrapper.cfbundle; includeInIndex = 0; path = VILTMakerTests.xctest; sourceTree = BUILT_PRODUCTS_DIR; };
		2AF9DBE21CEF05F9001AB683 /* VILTMakerTests.swift */ = {isa = PBXFileReference; lastKnownFileType = sourcecode.swift; path = VILTMakerTests.swift; sourceTree = "<group>"; };
		2AF9DBE41CEF05F9001AB683 /* Info.plist */ = {isa = PBXFileReference; lastKnownFileType = text.plist.xml; path = Info.plist; sourceTree = "<group>"; };
		2AF9DBE91CEF05F9001AB683 /* VILTMakerUITests.xctest */ = {isa = PBXFileReference; explicitFileType = wrapper.cfbundle; includeInIndex = 0; path = VILTMakerUITests.xctest; sourceTree = BUILT_PRODUCTS_DIR; };
		2AF9DBED1CEF05F9001AB683 /* VILTMakerUITests.swift */ = {isa = PBXFileReference; lastKnownFileType = sourcecode.swift; path = VILTMakerUITests.swift; sourceTree = "<group>"; };
		2AF9DBEF1CEF05F9001AB683 /* Info.plist */ = {isa = PBXFileReference; lastKnownFileType = text.plist.xml; path = Info.plist; sourceTree = "<group>"; };
		F30DBEB678DF669735552E46 /* Pods_VILTMaker.framework */ = {isa = PBXFileReference; explicitFileType = wrapper.framework; includeInIndex = 0; path = Pods_VILTMaker.framework; sourceTree = BUILT_PRODUCTS_DIR; };
/* End PBXFileReference section */

/* Begin PBXFrameworksBuildPhase section */
		2AF9DBC71CEF05F8001AB683 /* Frameworks */ = {
			isa = PBXFrameworksBuildPhase;
			buildActionMask = 2147483647;
			files = (
				2AF3C7A81CF771650090F4F9 /* libdocomo-common-ios-sdk-1.0.1.a in Frameworks */,
				2AF3C7A71CF771650090F4F9 /* libdocomo-aitalk-ios-sdk-1.0.1.a in Frameworks */,
				08A596E4B2E2B094481ADED2 /* Pods_VILTMaker.framework in Frameworks */,
			);
			runOnlyForDeploymentPostprocessing = 0;
		};
		2AF9DBDB1CEF05F9001AB683 /* Frameworks */ = {
			isa = PBXFrameworksBuildPhase;
			buildActionMask = 2147483647;
			files = (
			);
			runOnlyForDeploymentPostprocessing = 0;
		};
		2AF9DBE61CEF05F9001AB683 /* Frameworks */ = {
			isa = PBXFrameworksBuildPhase;
			buildActionMask = 2147483647;
			files = (
			);
			runOnlyForDeploymentPostprocessing = 0;
		};
/* End PBXFrameworksBuildPhase section */

/* Begin PBXGroup section */
		0DD22809F990D70614C18DB9 /* Frameworks */ = {
			isa = PBXGroup;
			children = (
				F30DBEB678DF669735552E46 /* Pods_VILTMaker.framework */,
			);
			name = Frameworks;
			sourceTree = "<group>";
		};
		2AC76EF21CFA036100F42F76 /* Model */ = {
			isa = PBXGroup;
			children = (
				2AF9DBCD1CEF05F8001AB683 /* AppDelegate.swift */,
				2AC76EF31CFA03B000F42F76 /* SpeakModel.swift */,
			);
			name = Model;
			sourceTree = "<group>";
		};
		2AC76EF51CFA067C00F42F76 /* Controller */ = {
			isa = PBXGroup;
			children = (
				2AF9DBCF1CEF05F8001AB683 /* ViewController.swift */,
				2AB9D9C51CFD6F0100BC810E /* QRReaderViewController.swift */,
			);
			name = Controller;
			sourceTree = "<group>";
		};
		2AC76EF61CFA068D00F42F76 /* View */ = {
			isa = PBXGroup;
			children = (
				2AF9DBD11CEF05F8001AB683 /* Main.storyboard */,
				2AF9DBD61CEF05F9001AB683 /* LaunchScreen.storyboard */,
			);
			name = View;
			sourceTree = "<group>";
		};
		2AD841E01CF9E26C00BB100B /* Resources */ = {
			isa = PBXGroup;
			children = (
				2AD409011CF2D65E00214542 /* VILTMaker-Bridging-Header.h */,
				2AD841E31CF9EBBF00BB100B /* ConstantColor */,
				2AD841E21CF9EB9F00BB100B /* APIKeyManagement */,
				2AD841E11CF9EB9200BB100B /* BorderButton */,
				2AF3C7AB1CF771960090F4F9 /* AiTalk */,
			);
			name = Resources;
			path = VILTMaker;
			sourceTree = "<group>";
		};
		2AD841E11CF9EB9200BB100B /* BorderButton */ = {
			isa = PBXGroup;
			children = (
				2AD409021CF2D65F00214542 /* BorderButton.h */,
				2AD409031CF2D65F00214542 /* BorderButton.m */,
			);
			name = BorderButton;
			sourceTree = "<group>";
		};
		2AD841E21CF9EB9F00BB100B /* APIKeyManagement */ = {
			isa = PBXGroup;
			children = (
				2AF3C7BB1CF7A87F0090F4F9 /* KeyManager.swift */,
				2AF3C7BD1CF7AB610090F4F9 /* Keys.plist */,
			);
			name = APIKeyManagement;
			sourceTree = "<group>";
		};
		2AD841E31CF9EBBF00BB100B /* ConstantColor */ = {
			isa = PBXGroup;
			children = (
				2A1919411CF2DDCF009B8B54 /* ConstColor.swift */,
				2A1919431CF2DE1A009B8B54 /* UIColorExtension.swift */,
			);
			name = ConstantColor;
			sourceTree = "<group>";
		};
		2AF3C7AB1CF771960090F4F9 /* AiTalk */ = {
			isa = PBXGroup;
			children = (
				2AF3C7B41CF774BC0090F4F9 /* AiTalkAudioPlayer.h */,
				2AF3C7B51CF774BC0090F4F9 /* AiTalkAudioPlayer.m */,
				2AF3C7AC1CF771960090F4F9 /* AiTalkError.h */,
				2AF3C7AD1CF771960090F4F9 /* AiTalkProsody.h */,
				2AF3C7AE1CF771960090F4F9 /* AiTalkSsml.h */,
				2AF3C7AF1CF771960090F4F9 /* AiTalkTextToSpeech.h */,
				2AF3C7B01CF771960090F4F9 /* AiTalkVoice.h */,
				2AF3C7B11CF771960090F4F9 /* AiTalkVoiceBase.h */,
				2AF3C7B21CF771960090F4F9 /* AuthApiKey.h */,
				2AF3C7B31CF771960090F4F9 /* SdkError.h */,
				2AF3C7A51CF771650090F4F9 /* libdocomo-aitalk-ios-sdk-1.0.1.a */,
				2AF3C7A61CF771650090F4F9 /* libdocomo-common-ios-sdk-1.0.1.a */,
			);
			name = AiTalk;
			path = inc;
			sourceTree = "<group>";
		};
		2AF9DBC11CEF05F8001AB683 = {
			isa = PBXGroup;
			children = (
				2AF9DBCC1CEF05F8001AB683 /* VILTMaker */,
				2AD841E01CF9E26C00BB100B /* Resources */,
				2AF9DBE11CEF05F9001AB683 /* VILTMakerTests */,
				2AF9DBEC1CEF05F9001AB683 /* VILTMakerUITests */,
				2AF9DBCB1CEF05F8001AB683 /* Products */,
				49313864E46B85A6954FC1A4 /* Pods */,
				0DD22809F990D70614C18DB9 /* Frameworks */,
			);
			sourceTree = "<group>";
		};
		2AF9DBCB1CEF05F8001AB683 /* Products */ = {
			isa = PBXGroup;
			children = (
				2AF9DBCA1CEF05F8001AB683 /* VILTMaker.app */,
				2AF9DBDE1CEF05F9001AB683 /* VILTMakerTests.xctest */,
				2AF9DBE91CEF05F9001AB683 /* VILTMakerUITests.xctest */,
			);
			name = Products;
			sourceTree = "<group>";
		};
		2AF9DBCC1CEF05F8001AB683 /* VILTMaker */ = {
			isa = PBXGroup;
			children = (
				2AC76EF61CFA068D00F42F76 /* View */,
				2AC76EF51CFA067C00F42F76 /* Controller */,
				2AC76EF21CFA036100F42F76 /* Model */,
				2A7A8DDC1CF2DA8F0034239C /* example_figure.png */,
				2AF9DBD41CEF05F9001AB683 /* Assets.xcassets */,
				2AF9DBD91CEF05F9001AB683 /* Info.plist */,
			);
			path = VILTMaker;
			sourceTree = "<group>";
		};
		2AF9DBE11CEF05F9001AB683 /* VILTMakerTests */ = {
			isa = PBXGroup;
			children = (
				2AF9DBE21CEF05F9001AB683 /* VILTMakerTests.swift */,
				2AF9DBE41CEF05F9001AB683 /* Info.plist */,
			);
			path = VILTMakerTests;
			sourceTree = "<group>";
		};
		2AF9DBEC1CEF05F9001AB683 /* VILTMakerUITests */ = {
			isa = PBXGroup;
			children = (
				2AF9DBED1CEF05F9001AB683 /* VILTMakerUITests.swift */,
				2AF9DBEF1CEF05F9001AB683 /* Info.plist */,
			);
			path = VILTMakerUITests;
			sourceTree = "<group>";
		};
		49313864E46B85A6954FC1A4 /* Pods */ = {
			isa = PBXGroup;
			children = (
				077027A545C55C1D33D145DE /* Pods-VILTMaker.debug.xcconfig */,
				1A18312F9EAC44A614FA8FE5 /* Pods-VILTMaker.release.xcconfig */,
			);
			name = Pods;
			sourceTree = "<group>";
		};
/* End PBXGroup section */

/* Begin PBXNativeTarget section */
		2AF9DBC91CEF05F8001AB683 /* VILTMaker */ = {
			isa = PBXNativeTarget;
			buildConfigurationList = 2AF9DBF21CEF05F9001AB683 /* Build configuration list for PBXNativeTarget "VILTMaker" */;
			buildPhases = (
				5CA5951C5B1D8850B89CDAA7 /* Check Pods Manifest.lock */,
				2AF9DBC61CEF05F8001AB683 /* Sources */,
				2AF9DBC71CEF05F8001AB683 /* Frameworks */,
				2AF9DBC81CEF05F8001AB683 /* Resources */,
				0EAFBA0AAD918D9C5127BB70 /* Embed Pods Frameworks */,
				1B3680A5B923B6A36C223F5E /* Copy Pods Resources */,
			);
			buildRules = (
			);
			dependencies = (
			);
			name = VILTMaker;
			productName = VILTMaker;
			productReference = 2AF9DBCA1CEF05F8001AB683 /* VILTMaker.app */;
			productType = "com.apple.product-type.application";
		};
		2AF9DBDD1CEF05F9001AB683 /* VILTMakerTests */ = {
			isa = PBXNativeTarget;
			buildConfigurationList = 2AF9DBF51CEF05F9001AB683 /* Build configuration list for PBXNativeTarget "VILTMakerTests" */;
			buildPhases = (
				2AF9DBDA1CEF05F9001AB683 /* Sources */,
				2AF9DBDB1CEF05F9001AB683 /* Frameworks */,
				2AF9DBDC1CEF05F9001AB683 /* Resources */,
			);
			buildRules = (
			);
			dependencies = (
				2AF9DBE01CEF05F9001AB683 /* PBXTargetDependency */,
			);
			name = VILTMakerTests;
			productName = VILTMakerTests;
			productReference = 2AF9DBDE1CEF05F9001AB683 /* VILTMakerTests.xctest */;
			productType = "com.apple.product-type.bundle.unit-test";
		};
		2AF9DBE81CEF05F9001AB683 /* VILTMakerUITests */ = {
			isa = PBXNativeTarget;
			buildConfigurationList = 2AF9DBF81CEF05F9001AB683 /* Build configuration list for PBXNativeTarget "VILTMakerUITests" */;
			buildPhases = (
				2AF9DBE51CEF05F9001AB683 /* Sources */,
				2AF9DBE61CEF05F9001AB683 /* Frameworks */,
				2AF9DBE71CEF05F9001AB683 /* Resources */,
			);
			buildRules = (
			);
			dependencies = (
				2AF9DBEB1CEF05F9001AB683 /* PBXTargetDependency */,
			);
			name = VILTMakerUITests;
			productName = VILTMakerUITests;
			productReference = 2AF9DBE91CEF05F9001AB683 /* VILTMakerUITests.xctest */;
			productType = "com.apple.product-type.bundle.ui-testing";
		};
/* End PBXNativeTarget section */

/* Begin PBXProject section */
		2AF9DBC21CEF05F8001AB683 /* Project object */ = {
			isa = PBXProject;
			attributes = {
				LastSwiftUpdateCheck = 0730;
				LastUpgradeCheck = 0730;
				ORGANIZATIONNAME = "Ryo Eguchi";
				TargetAttributes = {
					2AF9DBC91CEF05F8001AB683 = {
						CreatedOnToolsVersion = 7.3.1;
						DevelopmentTeam = ECGZQ9XKG7;
					};
					2AF9DBDD1CEF05F9001AB683 = {
						CreatedOnToolsVersion = 7.3.1;
						TestTargetID = 2AF9DBC91CEF05F8001AB683;
					};
					2AF9DBE81CEF05F9001AB683 = {
						CreatedOnToolsVersion = 7.3.1;
						TestTargetID = 2AF9DBC91CEF05F8001AB683;
					};
				};
			};
			buildConfigurationList = 2AF9DBC51CEF05F8001AB683 /* Build configuration list for PBXProject "VILTMaker" */;
			compatibilityVersion = "Xcode 3.2";
			developmentRegion = English;
			hasScannedForEncodings = 0;
			knownRegions = (
				en,
				Base,
			);
			mainGroup = 2AF9DBC11CEF05F8001AB683;
			productRefGroup = 2AF9DBCB1CEF05F8001AB683 /* Products */;
			projectDirPath = "";
			projectRoot = "";
			targets = (
				2AF9DBC91CEF05F8001AB683 /* VILTMaker */,
				2AF9DBDD1CEF05F9001AB683 /* VILTMakerTests */,
				2AF9DBE81CEF05F9001AB683 /* VILTMakerUITests */,
			);
		};
/* End PBXProject section */

/* Begin PBXResourcesBuildPhase section */
		2AF9DBC81CEF05F8001AB683 /* Resources */ = {
			isa = PBXResourcesBuildPhase;
			buildActionMask = 2147483647;
			files = (
				2AF9DBD81CEF05F9001AB683 /* LaunchScreen.storyboard in Resources */,
				2AF9DBD51CEF05F9001AB683 /* Assets.xcassets in Resources */,
				2A7A8DDD1CF2DA8F0034239C /* example_figure.png in Resources */,
				2AF9DBD31CEF05F8001AB683 /* Main.storyboard in Resources */,
				2AF3C7BE1CF7AB610090F4F9 /* Keys.plist in Resources */,
			);
			runOnlyForDeploymentPostprocessing = 0;
		};
		2AF9DBDC1CEF05F9001AB683 /* Resources */ = {
			isa = PBXResourcesBuildPhase;
			buildActionMask = 2147483647;
			files = (
			);
			runOnlyForDeploymentPostprocessing = 0;
		};
		2AF9DBE71CEF05F9001AB683 /* Resources */ = {
			isa = PBXResourcesBuildPhase;
			buildActionMask = 2147483647;
			files = (
			);
			runOnlyForDeploymentPostprocessing = 0;
		};
/* End PBXResourcesBuildPhase section */

/* Begin PBXShellScriptBuildPhase section */
		0EAFBA0AAD918D9C5127BB70 /* Embed Pods Frameworks */ = {
			isa = PBXShellScriptBuildPhase;
			buildActionMask = 2147483647;
			files = (
			);
			inputPaths = (
			);
			name = "Embed Pods Frameworks";
			outputPaths = (
			);
			runOnlyForDeploymentPostprocessing = 0;
			shellPath = /bin/sh;
			shellScript = "\"${SRCROOT}/Pods/Target Support Files/Pods-VILTMaker/Pods-VILTMaker-frameworks.sh\"\n";
			showEnvVarsInLog = 0;
		};
		1B3680A5B923B6A36C223F5E /* Copy Pods Resources */ = {
			isa = PBXShellScriptBuildPhase;
			buildActionMask = 2147483647;
			files = (
			);
			inputPaths = (
			);
			name = "Copy Pods Resources";
			outputPaths = (
			);
			runOnlyForDeploymentPostprocessing = 0;
			shellPath = /bin/sh;
			shellScript = "\"${SRCROOT}/Pods/Target Support Files/Pods-VILTMaker/Pods-VILTMaker-resources.sh\"\n";
			showEnvVarsInLog = 0;
		};
		5CA5951C5B1D8850B89CDAA7 /* Check Pods Manifest.lock */ = {
			isa = PBXShellScriptBuildPhase;
			buildActionMask = 2147483647;
			files = (
			);
			inputPaths = (
			);
			name = "Check Pods Manifest.lock";
			outputPaths = (
			);
			runOnlyForDeploymentPostprocessing = 0;
			shellPath = /bin/sh;
			shellScript = "diff \"${PODS_ROOT}/../Podfile.lock\" \"${PODS_ROOT}/Manifest.lock\" > /dev/null\nif [[ $? != 0 ]] ; then\n    cat << EOM\nerror: The sandbox is not in sync with the Podfile.lock. Run 'pod install' or update your CocoaPods installation.\nEOM\n    exit 1\nfi\n";
			showEnvVarsInLog = 0;
		};
/* End PBXShellScriptBuildPhase section */

/* Begin PBXSourcesBuildPhase section */
		2AF9DBC61CEF05F8001AB683 /* Sources */ = {
			isa = PBXSourcesBuildPhase;
			buildActionMask = 2147483647;
			files = (
				2AC76EF41CFA03B000F42F76 /* SpeakModel.swift in Sources */,
				2AD409041CF2D65F00214542 /* BorderButton.m in Sources */,
				2AB9D9C61CFD6F0100BC810E /* QRReaderViewController.swift in Sources */,
				2A1919421CF2DDCF009B8B54 /* ConstColor.swift in Sources */,
				2AF3C7BC1CF7A87F0090F4F9 /* KeyManager.swift in Sources */,
				2A1919441CF2DE1A009B8B54 /* UIColorExtension.swift in Sources */,
				2AF3C7B61CF774BC0090F4F9 /* AiTalkAudioPlayer.m in Sources */,
				2AF9DBD01CEF05F8001AB683 /* ViewController.swift in Sources */,
				2AF9DBCE1CEF05F8001AB683 /* AppDelegate.swift in Sources */,
			);
			runOnlyForDeploymentPostprocessing = 0;
		};
		2AF9DBDA1CEF05F9001AB683 /* Sources */ = {
			isa = PBXSourcesBuildPhase;
			buildActionMask = 2147483647;
			files = (
				2AF9DBE31CEF05F9001AB683 /* VILTMakerTests.swift in Sources */,
			);
			runOnlyForDeploymentPostprocessing = 0;
		};
		2AF9DBE51CEF05F9001AB683 /* Sources */ = {
			isa = PBXSourcesBuildPhase;
			buildActionMask = 2147483647;
			files = (
				2AF9DBEE1CEF05F9001AB683 /* VILTMakerUITests.swift in Sources */,
			);
			runOnlyForDeploymentPostprocessing = 0;
		};
/* End PBXSourcesBuildPhase section */

/* Begin PBXTargetDependency section */
		2AF9DBE01CEF05F9001AB683 /* PBXTargetDependency */ = {
			isa = PBXTargetDependency;
			target = 2AF9DBC91CEF05F8001AB683 /* VILTMaker */;
			targetProxy = 2AF9DBDF1CEF05F9001AB683 /* PBXContainerItemProxy */;
		};
		2AF9DBEB1CEF05F9001AB683 /* PBXTargetDependency */ = {
			isa = PBXTargetDependency;
			target = 2AF9DBC91CEF05F8001AB683 /* VILTMaker */;
			targetProxy = 2AF9DBEA1CEF05F9001AB683 /* PBXContainerItemProxy */;
		};
/* End PBXTargetDependency section */

/* Begin PBXVariantGroup section */
		2AF9DBD11CEF05F8001AB683 /* Main.storyboard */ = {
			isa = PBXVariantGroup;
			children = (
				2AF9DBD21CEF05F8001AB683 /* Base */,
			);
			name = Main.storyboard;
			sourceTree = "<group>";
		};
		2AF9DBD61CEF05F9001AB683 /* LaunchScreen.storyboard */ = {
			isa = PBXVariantGroup;
			children = (
				2AF9DBD71CEF05F9001AB683 /* Base */,
			);
			name = LaunchScreen.storyboard;
			sourceTree = "<group>";
		};
/* End PBXVariantGroup section */

/* Begin XCBuildConfiguration section */
		2AF9DBF01CEF05F9001AB683 /* Debug */ = {
			isa = XCBuildConfiguration;
			buildSettings = {
				ALWAYS_SEARCH_USER_PATHS = NO;
				CLANG_ANALYZER_NONNULL = YES;
				CLANG_CXX_LANGUAGE_STANDARD = "gnu++0x";
				CLANG_CXX_LIBRARY = "libc++";
				CLANG_ENABLE_MODULES = YES;
				CLANG_ENABLE_OBJC_ARC = YES;
				CLANG_WARN_BOOL_CONVERSION = YES;
				CLANG_WARN_CONSTANT_CONVERSION = YES;
				CLANG_WARN_DIRECT_OBJC_ISA_USAGE = YES_ERROR;
				CLANG_WARN_EMPTY_BODY = YES;
				CLANG_WARN_ENUM_CONVERSION = YES;
				CLANG_WARN_INT_CONVERSION = YES;
				CLANG_WARN_OBJC_ROOT_CLASS = YES_ERROR;
				CLANG_WARN_UNREACHABLE_CODE = YES;
				CLANG_WARN__DUPLICATE_METHOD_MATCH = YES;
				"CODE_SIGN_IDENTITY[sdk=iphoneos*]" = "iPhone Developer";
				COPY_PHASE_STRIP = NO;
				DEBUG_INFORMATION_FORMAT = dwarf;
				ENABLE_STRICT_OBJC_MSGSEND = YES;
				ENABLE_TESTABILITY = YES;
				GCC_C_LANGUAGE_STANDARD = gnu99;
				GCC_DYNAMIC_NO_PIC = NO;
				GCC_NO_COMMON_BLOCKS = YES;
				GCC_OPTIMIZATION_LEVEL = 0;
				GCC_PREPROCESSOR_DEFINITIONS = (
					"DEBUG=1",
					"$(inherited)",
				);
				GCC_WARN_64_TO_32_BIT_CONVERSION = YES;
				GCC_WARN_ABOUT_RETURN_TYPE = YES_ERROR;
				GCC_WARN_UNDECLARED_SELECTOR = YES;
				GCC_WARN_UNINITIALIZED_AUTOS = YES_AGGRESSIVE;
				GCC_WARN_UNUSED_FUNCTION = YES;
				GCC_WARN_UNUSED_VARIABLE = YES;
				IPHONEOS_DEPLOYMENT_TARGET = 9.3;
				MTL_ENABLE_DEBUG_INFO = YES;
				ONLY_ACTIVE_ARCH = YES;
				SDKROOT = iphoneos;
				SWIFT_OPTIMIZATION_LEVEL = "-Onone";
				TARGETED_DEVICE_FAMILY = 2;
			};
			name = Debug;
		};
		2AF9DBF11CEF05F9001AB683 /* Release */ = {
			isa = XCBuildConfiguration;
			buildSettings = {
				ALWAYS_SEARCH_USER_PATHS = NO;
				CLANG_ANALYZER_NONNULL = YES;
				CLANG_CXX_LANGUAGE_STANDARD = "gnu++0x";
				CLANG_CXX_LIBRARY = "libc++";
				CLANG_ENABLE_MODULES = YES;
				CLANG_ENABLE_OBJC_ARC = YES;
				CLANG_WARN_BOOL_CONVERSION = YES;
				CLANG_WARN_CONSTANT_CONVERSION = YES;
				CLANG_WARN_DIRECT_OBJC_ISA_USAGE = YES_ERROR;
				CLANG_WARN_EMPTY_BODY = YES;
				CLANG_WARN_ENUM_CONVERSION = YES;
				CLANG_WARN_INT_CONVERSION = YES;
				CLANG_WARN_OBJC_ROOT_CLASS = YES_ERROR;
				CLANG_WARN_UNREACHABLE_CODE = YES;
				CLANG_WARN__DUPLICATE_METHOD_MATCH = YES;
				"CODE_SIGN_IDENTITY[sdk=iphoneos*]" = "iPhone Developer";
				COPY_PHASE_STRIP = NO;
				DEBUG_INFORMATION_FORMAT = "dwarf-with-dsym";
				ENABLE_NS_ASSERTIONS = NO;
				ENABLE_STRICT_OBJC_MSGSEND = YES;
				GCC_C_LANGUAGE_STANDARD = gnu99;
				GCC_NO_COMMON_BLOCKS = YES;
				GCC_WARN_64_TO_32_BIT_CONVERSION = YES;
				GCC_WARN_ABOUT_RETURN_TYPE = YES_ERROR;
				GCC_WARN_UNDECLARED_SELECTOR = YES;
				GCC_WARN_UNINITIALIZED_AUTOS = YES_AGGRESSIVE;
				GCC_WARN_UNUSED_FUNCTION = YES;
				GCC_WARN_UNUSED_VARIABLE = YES;
				IPHONEOS_DEPLOYMENT_TARGET = 9.3;
				MTL_ENABLE_DEBUG_INFO = NO;
				SDKROOT = iphoneos;
				TARGETED_DEVICE_FAMILY = 2;
				VALIDATE_PRODUCT = YES;
			};
			name = Release;
		};
		2AF9DBF31CEF05F9001AB683 /* Debug */ = {
			isa = XCBuildConfiguration;
			baseConfigurationReference = 077027A545C55C1D33D145DE /* Pods-VILTMaker.debug.xcconfig */;
			buildSettings = {
				ASSETCATALOG_COMPILER_APPICON_NAME = AppIcon;
				CLANG_ENABLE_MODULES = YES;
				CODE_SIGN_IDENTITY = "iPhone Developer";
				ENABLE_BITCODE = NO;
				INFOPLIST_FILE = VILTMaker/Info.plist;
				LD_RUNPATH_SEARCH_PATHS = "$(inherited) @executable_path/Frameworks";
				LIBRARY_SEARCH_PATHS = (
					"$(inherited)",
					"$(PROJECT_DIR)/VILTMaker",
				);
				PRODUCT_BUNDLE_IDENTIFIER = net.yairilab.VILTMaker;
				PRODUCT_NAME = "$(TARGET_NAME)";
				SWIFT_OBJC_BRIDGING_HEADER = "VILTMaker/VILTMaker-Bridging-Header.h";
				SWIFT_OPTIMIZATION_LEVEL = "-Onone";
			};
			name = Debug;
		};
		2AF9DBF41CEF05F9001AB683 /* Release */ = {
			isa = XCBuildConfiguration;
			baseConfigurationReference = 1A18312F9EAC44A614FA8FE5 /* Pods-VILTMaker.release.xcconfig */;
			buildSettings = {
				ASSETCATALOG_COMPILER_APPICON_NAME = AppIcon;
				CLANG_ENABLE_MODULES = YES;
				CODE_SIGN_IDENTITY = "iPhone Developer";
				ENABLE_BITCODE = NO;
				INFOPLIST_FILE = VILTMaker/Info.plist;
				LD_RUNPATH_SEARCH_PATHS = "$(inherited) @executable_path/Frameworks";
				LIBRARY_SEARCH_PATHS = (
					"$(inherited)",
					"$(PROJECT_DIR)/VILTMaker",
				);
				PRODUCT_BUNDLE_IDENTIFIER = net.yairilab.VILTMaker;
				PRODUCT_NAME = "$(TARGET_NAME)";
				SWIFT_OBJC_BRIDGING_HEADER = "VILTMaker/VILTMaker-Bridging-Header.h";
			};
			name = Release;
		};
		2AF9DBF61CEF05F9001AB683 /* Debug */ = {
			isa = XCBuildConfiguration;
			buildSettings = {
				BUNDLE_LOADER = "$(TEST_HOST)";
				INFOPLIST_FILE = VILTMakerTests/Info.plist;
				LD_RUNPATH_SEARCH_PATHS = "$(inherited) @executable_path/Frameworks @loader_path/Frameworks";
				PRODUCT_BUNDLE_IDENTIFIER = net.yairilab.VILTMakerTests;
				PRODUCT_NAME = "$(TARGET_NAME)";
				TEST_HOST = "$(BUILT_PRODUCTS_DIR)/VILTMaker.app/VILTMaker";
			};
			name = Debug;
		};
		2AF9DBF71CEF05F9001AB683 /* Release */ = {
			isa = XCBuildConfiguration;
			buildSettings = {
				BUNDLE_LOADER = "$(TEST_HOST)";
				INFOPLIST_FILE = VILTMakerTests/Info.plist;
				LD_RUNPATH_SEARCH_PATHS = "$(inherited) @executable_path/Frameworks @loader_path/Frameworks";
				PRODUCT_BUNDLE_IDENTIFIER = net.yairilab.VILTMakerTests;
				PRODUCT_NAME = "$(TARGET_NAME)";
				TEST_HOST = "$(BUILT_PRODUCTS_DIR)/VILTMaker.app/VILTMaker";
			};
			name = Release;
		};
		2AF9DBF91CEF05F9001AB683 /* Debug */ = {
			isa = XCBuildConfiguration;
			buildSettings = {
				INFOPLIST_FILE = VILTMakerUITests/Info.plist;
				LD_RUNPATH_SEARCH_PATHS = "$(inherited) @executable_path/Frameworks @loader_path/Frameworks";
				PRODUCT_BUNDLE_IDENTIFIER = net.yairilab.VILTMakerUITests;
				PRODUCT_NAME = "$(TARGET_NAME)";
				TEST_TARGET_NAME = VILTMaker;
			};
			name = Debug;
		};
		2AF9DBFA1CEF05F9001AB683 /* Release */ = {
			isa = XCBuildConfiguration;
			buildSettings = {
				INFOPLIST_FILE = VILTMakerUITests/Info.plist;
				LD_RUNPATH_SEARCH_PATHS = "$(inherited) @executable_path/Frameworks @loader_path/Frameworks";
				PRODUCT_BUNDLE_IDENTIFIER = net.yairilab.VILTMakerUITests;
				PRODUCT_NAME = "$(TARGET_NAME)";
				TEST_TARGET_NAME = VILTMaker;
			};
			name = Release;
		};
/* End XCBuildConfiguration section */

/* Begin XCConfigurationList section */
		2AF9DBC51CEF05F8001AB683 /* Build configuration list for PBXProject "VILTMaker" */ = {
			isa = XCConfigurationList;
			buildConfigurations = (
				2AF9DBF01CEF05F9001AB683 /* Debug */,
				2AF9DBF11CEF05F9001AB683 /* Release */,
			);
			defaultConfigurationIsVisible = 0;
			defaultConfigurationName = Release;
		};
		2AF9DBF21CEF05F9001AB683 /* Build configuration list for PBXNativeTarget "VILTMaker" */ = {
			isa = XCConfigurationList;
			buildConfigurations = (
				2AF9DBF31CEF05F9001AB683 /* Debug */,
				2AF9DBF41CEF05F9001AB683 /* Release */,
			);
			defaultConfigurationIsVisible = 0;
			defaultConfigurationName = Release;
		};
		2AF9DBF51CEF05F9001AB683 /* Build configuration list for PBXNativeTarget "VILTMakerTests" */ = {
			isa = XCConfigurationList;
			buildConfigurations = (
				2AF9DBF61CEF05F9001AB683 /* Debug */,
				2AF9DBF71CEF05F9001AB683 /* Release */,
			);
			defaultConfigurationIsVisible = 0;
			defaultConfigurationName = Release;
		};
		2AF9DBF81CEF05F9001AB683 /* Build configuration list for PBXNativeTarget "VILTMakerUITests" */ = {
			isa = XCConfigurationList;
			buildConfigurations = (
				2AF9DBF91CEF05F9001AB683 /* Debug */,
				2AF9DBFA1CEF05F9001AB683 /* Release */,
			);
			defaultConfigurationIsVisible = 0;
			defaultConfigurationName = Release;
		};
/* End XCConfigurationList section */
	};
	rootObject = 2AF9DBC21CEF05F8001AB683 /* Project object */;
}
